// !$*UTF8*$!
{
	archiveVersion = 1;
	classes = {
	};
	objectVersion = 48;
	objects = {

/* Begin PBXBuildFile section */
		EB0AFB151FD65116007B3628 /* AppDelegate.swift in Sources */ = {isa = PBXBuildFile; fileRef = EB0AFB141FD65116007B3628 /* AppDelegate.swift */; };
		EB0AFB171FD65116007B3628 /* ViewController.swift in Sources */ = {isa = PBXBuildFile; fileRef = EB0AFB161FD65116007B3628 /* ViewController.swift */; };
		EB0AFB1A1FD65116007B3628 /* Main.storyboard in Resources */ = {isa = PBXBuildFile; fileRef = EB0AFB181FD65116007B3628 /* Main.storyboard */; };
		EB0AFB1C1FD65116007B3628 /* Assets.xcassets in Resources */ = {isa = PBXBuildFile; fileRef = EB0AFB1B1FD65116007B3628 /* Assets.xcassets */; };
		EB0AFB1F1FD65116007B3628 /* LaunchScreen.storyboard in Resources */ = {isa = PBXBuildFile; fileRef = EB0AFB1D1FD65116007B3628 /* LaunchScreen.storyboard */; };
		EB0AFB2A1FD65116007B3628 /* SlideshowAppTests.swift in Sources */ = {isa = PBXBuildFile; fileRef = EB0AFB291FD65116007B3628 /* SlideshowAppTests.swift */; };
		EB0AFB351FD65116007B3628 /* SlideshowAppUITests.swift in Sources */ = {isa = PBXBuildFile; fileRef = EB0AFB341FD65116007B3628 /* SlideshowAppUITests.swift */; };
		EB0AFB431FD65717007B3628 /* ImageViewController.swift in Sources */ = {isa = PBXBuildFile; fileRef = EB0AFB421FD65717007B3628 /* ImageViewController.swift */; };
		EB0AFB491FD659EB007B3628 /* IMG_0180.jpg in Resources */ = {isa = PBXBuildFile; fileRef = EB0AFB441FD659E9007B3628 /* IMG_0180.jpg */; };
		EB0AFB4A1FD659EB007B3628 /* IMG_0503.jpg in Resources */ = {isa = PBXBuildFile; fileRef = EB0AFB451FD659E9007B3628 /* IMG_0503.jpg */; };
		EB0AFB4B1FD659EB007B3628 /* IMG_0163.jpg in Resources */ = {isa = PBXBuildFile; fileRef = EB0AFB461FD659EA007B3628 /* IMG_0163.jpg */; };
		EB0AFB4C1FD659EB007B3628 /* IMG_0502.jpg in Resources */ = {isa = PBXBuildFile; fileRef = EB0AFB471FD659EA007B3628 /* IMG_0502.jpg */; };
		EB0AFB4D1FD659EB007B3628 /* IMG_0107.jpg in Resources */ = {isa = PBXBuildFile; fileRef = EB0AFB481FD659EA007B3628 /* IMG_0107.jpg */; };
/* End PBXBuildFile section */

/* Begin PBXContainerItemProxy section */
		EB0AFB261FD65116007B3628 /* PBXContainerItemProxy */ = {
			isa = PBXContainerItemProxy;
			containerPortal = EB0AFB091FD65116007B3628 /* Project object */;
			proxyType = 1;
			remoteGlobalIDString = EB0AFB101FD65116007B3628;
			remoteInfo = SlideshowApp;
		};
		EB0AFB311FD65116007B3628 /* PBXContainerItemProxy */ = {
			isa = PBXContainerItemProxy;
			containerPortal = EB0AFB091FD65116007B3628 /* Project object */;
			proxyType = 1;
			remoteGlobalIDString = EB0AFB101FD65116007B3628;
			remoteInfo = SlideshowApp;
		};
/* End PBXContainerItemProxy section */

/* Begin PBXFileReference section */
		EB0AFB111FD65116007B3628 /* SlideshowApp.app */ = {isa = PBXFileReference; explicitFileType = wrapper.application; includeInIndex = 0; path = SlideshowApp.app; sourceTree = BUILT_PRODUCTS_DIR; };
		EB0AFB141FD65116007B3628 /* AppDelegate.swift */ = {isa = PBXFileReference; lastKnownFileType = sourcecode.swift; path = AppDelegate.swift; sourceTree = "<group>"; };
		EB0AFB161FD65116007B3628 /* ViewController.swift */ = {isa = PBXFileReference; lastKnownFileType = sourcecode.swift; path = ViewController.swift; sourceTree = "<group>"; };
		EB0AFB191FD65116007B3628 /* Base */ = {isa = PBXFileReference; lastKnownFileType = file.storyboard; name = Base; path = Base.lproj/Main.storyboard; sourceTree = "<group>"; };
		EB0AFB1B1FD65116007B3628 /* Assets.xcassets */ = {isa = PBXFileReference; lastKnownFileType = folder.assetcatalog; path = Assets.xcassets; sourceTree = "<group>"; };
		EB0AFB1E1FD65116007B3628 /* Base */ = {isa = PBXFileReference; lastKnownFileType = file.storyboard; name = Base; path = Base.lproj/LaunchScreen.storyboard; sourceTree = "<group>"; };
		EB0AFB201FD65116007B3628 /* Info.plist */ = {isa = PBXFileReference; lastKnownFileType = text.plist.xml; path = Info.plist; sourceTree = "<group>"; };
		EB0AFB251FD65116007B3628 /* SlideshowAppTests.xctest */ = {isa = PBXFileReference; explicitFileType = wrapper.cfbundle; includeInIndex = 0; path = SlideshowAppTests.xctest; sourceTree = BUILT_PRODUCTS_DIR; };
		EB0AFB291FD65116007B3628 /* SlideshowAppTests.swift */ = {isa = PBXFileReference; lastKnownFileType = sourcecode.swift; path = SlideshowAppTests.swift; sourceTree = "<group>"; };
		EB0AFB2B1FD65116007B3628 /* Info.plist */ = {isa = PBXFileReference; lastKnownFileType = text.plist.xml; path = Info.plist; sourceTree = "<group>"; };
		EB0AFB301FD65116007B3628 /* SlideshowAppUITests.xctest */ = {isa = PBXFileReference; explicitFileType = wrapper.cfbundle; includeInIndex = 0; path = SlideshowAppUITests.xctest; sourceTree = BUILT_PRODUCTS_DIR; };
		EB0AFB341FD65116007B3628 /* SlideshowAppUITests.swift */ = {isa = PBXFileReference; lastKnownFileType = sourcecode.swift; path = SlideshowAppUITests.swift; sourceTree = "<group>"; };
		EB0AFB361FD65116007B3628 /* Info.plist */ = {isa = PBXFileReference; lastKnownFileType = text.plist.xml; path = Info.plist; sourceTree = "<group>"; };
		EB0AFB421FD65717007B3628 /* ImageViewController.swift */ = {isa = PBXFileReference; lastKnownFileType = sourcecode.swift; path = ImageViewController.swift; sourceTree = "<group>"; };
		EB0AFB441FD659E9007B3628 /* IMG_0180.jpg */ = {isa = PBXFileReference; lastKnownFileType = image.jpeg; path = IMG_0180.jpg; sourceTree = "<group>"; };
		EB0AFB451FD659E9007B3628 /* IMG_0503.jpg */ = {isa = PBXFileReference; lastKnownFileType = image.jpeg; path = IMG_0503.jpg; sourceTree = "<group>"; };
		EB0AFB461FD659EA007B3628 /* IMG_0163.jpg */ = {isa = PBXFileReference; lastKnownFileType = image.jpeg; path = IMG_0163.jpg; sourceTree = "<group>"; };
		EB0AFB471FD659EA007B3628 /* IMG_0502.jpg */ = {isa = PBXFileReference; lastKnownFileType = image.jpeg; path = IMG_0502.jpg; sourceTree = "<group>"; };
		EB0AFB481FD659EA007B3628 /* IMG_0107.jpg */ = {isa = PBXFileReference; lastKnownFileType = image.jpeg; path = IMG_0107.jpg; sourceTree = "<group>"; };
/* End PBXFileReference section */

/* Begin PBXFrameworksBuildPhase section */
		EB0AFB0E1FD65116007B3628 /* Frameworks */ = {
			isa = PBXFrameworksBuildPhase;
			buildActionMask = 2147483647;
			files = (
			);
			runOnlyForDeploymentPostprocessing = 0;
		};
		EB0AFB221FD65116007B3628 /* Frameworks */ = {
			isa = PBXFrameworksBuildPhase;
			buildActionMask = 2147483647;
			files = (
			);
			runOnlyForDeploymentPostprocessing = 0;
		};
		EB0AFB2D1FD65116007B3628 /* Frameworks */ = {
			isa = PBXFrameworksBuildPhase;
			buildActionMask = 2147483647;
			files = (
			);
			runOnlyForDeploymentPostprocessing = 0;
		};
/* End PBXFrameworksBuildPhase section */

/* Begin PBXGroup section */
		EB0AFB081FD65115007B3628 = {
			isa = PBXGroup;
			children = (
				EB0AFB131FD65116007B3628 /* SlideshowApp */,
				EB0AFB281FD65116007B3628 /* SlideshowAppTests */,
				EB0AFB331FD65116007B3628 /* SlideshowAppUITests */,
				EB0AFB121FD65116007B3628 /* Products */,
				EB0AFB481FD659EA007B3628 /* IMG_0107.jpg */,
				EB0AFB461FD659EA007B3628 /* IMG_0163.jpg */,
				EB0AFB441FD659E9007B3628 /* IMG_0180.jpg */,
				EB0AFB471FD659EA007B3628 /* IMG_0502.jpg */,
				EB0AFB451FD659E9007B3628 /* IMG_0503.jpg */,
			);
			sourceTree = "<group>";
		};
		EB0AFB121FD65116007B3628 /* Products */ = {
			isa = PBXGroup;
			children = (
				EB0AFB111FD65116007B3628 /* SlideshowApp.app */,
				EB0AFB251FD65116007B3628 /* SlideshowAppTests.xctest */,
				EB0AFB301FD65116007B3628 /* SlideshowAppUITests.xctest */,
			);
			name = Products;
			sourceTree = "<group>";
		};
		EB0AFB131FD65116007B3628 /* SlideshowApp */ = {
			isa = PBXGroup;
			children = (
				EB0AFB141FD65116007B3628 /* AppDelegate.swift */,
				EB0AFB161FD65116007B3628 /* ViewController.swift */,
				EB0AFB181FD65116007B3628 /* Main.storyboard */,
				EB0AFB421FD65717007B3628 /* ImageViewController.swift */,
				EB0AFB1B1FD65116007B3628 /* Assets.xcassets */,
				EB0AFB1D1FD65116007B3628 /* LaunchScreen.storyboard */,
				EB0AFB201FD65116007B3628 /* Info.plist */,
			);
			path = SlideshowApp;
			sourceTree = "<group>";
		};
		EB0AFB281FD65116007B3628 /* SlideshowAppTests */ = {
			isa = PBXGroup;
			children = (
				EB0AFB291FD65116007B3628 /* SlideshowAppTests.swift */,
				EB0AFB2B1FD65116007B3628 /* Info.plist */,
			);
			path = SlideshowAppTests;
			sourceTree = "<group>";
		};
		EB0AFB331FD65116007B3628 /* SlideshowAppUITests */ = {
			isa = PBXGroup;
			children = (
				EB0AFB341FD65116007B3628 /* SlideshowAppUITests.swift */,
				EB0AFB361FD65116007B3628 /* Info.plist */,
			);
			path = SlideshowAppUITests;
			sourceTree = "<group>";
		};
/* End PBXGroup section */

/* Begin PBXNativeTarget section */
		EB0AFB101FD65116007B3628 /* SlideshowApp */ = {
			isa = PBXNativeTarget;
			buildConfigurationList = EB0AFB391FD65116007B3628 /* Build configuration list for PBXNativeTarget "SlideshowApp" */;
			buildPhases = (
				EB0AFB0D1FD65116007B3628 /* Sources */,
				EB0AFB0E1FD65116007B3628 /* Frameworks */,
				EB0AFB0F1FD65116007B3628 /* Resources */,
			);
			buildRules = (
			);
			dependencies = (
			);
			name = SlideshowApp;
			productName = SlideshowApp;
			productReference = EB0AFB111FD65116007B3628 /* SlideshowApp.app */;
			productType = "com.apple.product-type.application";
		};
		EB0AFB241FD65116007B3628 /* SlideshowAppTests */ = {
			isa = PBXNativeTarget;
			buildConfigurationList = EB0AFB3C1FD65116007B3628 /* Build configuration list for PBXNativeTarget "SlideshowAppTests" */;
			buildPhases = (
				EB0AFB211FD65116007B3628 /* Sources */,
				EB0AFB221FD65116007B3628 /* Frameworks */,
				EB0AFB231FD65116007B3628 /* Resources */,
			);
			buildRules = (
			);
			dependencies = (
				EB0AFB271FD65116007B3628 /* PBXTargetDependency */,
			);
			name = SlideshowAppTests;
			productName = SlideshowAppTests;
			productReference = EB0AFB251FD65116007B3628 /* SlideshowAppTests.xctest */;
			productType = "com.apple.product-type.bundle.unit-test";
		};
		EB0AFB2F1FD65116007B3628 /* SlideshowAppUITests */ = {
			isa = PBXNativeTarget;
			buildConfigurationList = EB0AFB3F1FD65116007B3628 /* Build configuration list for PBXNativeTarget "SlideshowAppUITests" */;
			buildPhases = (
				EB0AFB2C1FD65116007B3628 /* Sources */,
				EB0AFB2D1FD65116007B3628 /* Frameworks */,
				EB0AFB2E1FD65116007B3628 /* Resources */,
			);
			buildRules = (
			);
			dependencies = (
				EB0AFB321FD65116007B3628 /* PBXTargetDependency */,
			);
			name = SlideshowAppUITests;
			productName = SlideshowAppUITests;
			productReference = EB0AFB301FD65116007B3628 /* SlideshowAppUITests.xctest */;
			productType = "com.apple.product-type.bundle.ui-testing";
		};
/* End PBXNativeTarget section */

/* Begin PBXProject section */
		EB0AFB091FD65116007B3628 /* Project object */ = {
			isa = PBXProject;
			attributes = {
				LastSwiftUpdateCheck = 0910;
				LastUpgradeCheck = 0910;
				ORGANIZATIONNAME = s1220210;
				TargetAttributes = {
					EB0AFB101FD65116007B3628 = {
						CreatedOnToolsVersion = 9.1;
						ProvisioningStyle = Automatic;
					};
					EB0AFB241FD65116007B3628 = {
						CreatedOnToolsVersion = 9.1;
						ProvisioningStyle = Automatic;
						TestTargetID = EB0AFB101FD65116007B3628;
					};
					EB0AFB2F1FD65116007B3628 = {
						CreatedOnToolsVersion = 9.1;
						ProvisioningStyle = Automatic;
						TestTargetID = EB0AFB101FD65116007B3628;
					};
				};
			};
			buildConfigurationList = EB0AFB0C1FD65116007B3628 /* Build configuration list for PBXProject "SlideshowApp" */;
			compatibilityVersion = "Xcode 8.0";
			developmentRegion = en;
			hasScannedForEncodings = 0;
			knownRegions = (
				en,
				Base,
			);
			mainGroup = EB0AFB081FD65115007B3628;
			productRefGroup = EB0AFB121FD65116007B3628 /* Products */;
			projectDirPath = "";
			projectRoot = "";
			targets = (
				EB0AFB101FD65116007B3628 /* SlideshowApp */,
				EB0AFB241FD65116007B3628 /* SlideshowAppTests */,
				EB0AFB2F1FD65116007B3628 /* SlideshowAppUITests */,
			);
		};
/* End PBXProject section */

/* Begin PBXResourcesBuildPhase section */
		EB0AFB0F1FD65116007B3628 /* Resources */ = {
			isa = PBXResourcesBuildPhase;
			buildActionMask = 2147483647;
			files = (
				EB0AFB491FD659EB007B3628 /* IMG_0180.jpg in Resources */,
				EB0AFB4B1FD659EB007B3628 /* IMG_0163.jpg in Resources */,
				EB0AFB4A1FD659EB007B3628 /* IMG_0503.jpg in Resources */,
				EB0AFB4C1FD659EB007B3628 /* IMG_0502.jpg in Resources */,
				EB0AFB1F1FD65116007B3628 /* LaunchScreen.storyboard in Resources */,
				EB0AFB1C1FD65116007B3628 /* Assets.xcassets in Resources */,
				EB0AFB1A1FD65116007B3628 /* Main.storyboard in Resources */,
				EB0AFB4D1FD659EB007B3628 /* IMG_0107.jpg in Resources */,
			);
			runOnlyForDeploymentPostprocessing = 0;
		};
		EB0AFB231FD65116007B3628 /* Resources */ = {
			isa = PBXResourcesBuildPhase;
			buildActionMask = 2147483647;
			files = (
			);
			runOnlyForDeploymentPostprocessing = 0;
		};
		EB0AFB2E1FD65116007B3628 /* Resources */ = {
			isa = PBXResourcesBuildPhase;
			buildActionMask = 2147483647;
			files = (
			);
			runOnlyForDeploymentPostprocessing = 0;
		};
/* End PBXResourcesBuildPhase section */

/* Begin PBXSourcesBuildPhase section */
		EB0AFB0D1FD65116007B3628 /* Sources */ = {
			isa = PBXSourcesBuildPhase;
			buildActionMask = 2147483647;
			files = (
				EB0AFB171FD65116007B3628 /* ViewController.swift in Sources */,
				EB0AFB431FD65717007B3628 /* ImageViewController.swift in Sources */,
				EB0AFB151FD65116007B3628 /* AppDelegate.swift in Sources */,
			);
			runOnlyForDeploymentPostprocessing = 0;
		};
		EB0AFB211FD65116007B3628 /* Sources */ = {
			isa = PBXSourcesBuildPhase;
			buildActionMask = 2147483647;
			files = (
				EB0AFB2A1FD65116007B3628 /* SlideshowAppTests.swift in Sources */,
			);
			runOnlyForDeploymentPostprocessing = 0;
		};
		EB0AFB2C1FD65116007B3628 /* Sources */ = {
			isa = PBXSourcesBuildPhase;
			buildActionMask = 2147483647;
			files = (
				EB0AFB351FD65116007B3628 /* SlideshowAppUITests.swift in Sources */,
			);
			runOnlyForDeploymentPostprocessing = 0;
		};
/* End PBXSourcesBuildPhase section */

/* Begin PBXTargetDependency section */
		EB0AFB271FD65116007B3628 /* PBXTargetDependency */ = {
			isa = PBXTargetDependency;
			target = EB0AFB101FD65116007B3628 /* SlideshowApp */;
			targetProxy = EB0AFB261FD65116007B3628 /* PBXContainerItemProxy */;
		};
		EB0AFB321FD65116007B3628 /* PBXTargetDependency */ = {
			isa = PBXTargetDependency;
			target = EB0AFB101FD65116007B3628 /* SlideshowApp */;
			targetProxy = EB0AFB311FD65116007B3628 /* PBXContainerItemProxy */;
		};
/* End PBXTargetDependency section */

/* Begin PBXVariantGroup section */
		EB0AFB181FD65116007B3628 /* Main.storyboard */ = {
			isa = PBXVariantGroup;
			children = (
				EB0AFB191FD65116007B3628 /* Base */,
			);
			name = Main.storyboard;
			sourceTree = "<group>";
		};
		EB0AFB1D1FD65116007B3628 /* LaunchScreen.storyboard */ = {
			isa = PBXVariantGroup;
			children = (
				EB0AFB1E1FD65116007B3628 /* Base */,
			);
			name = LaunchScreen.storyboard;
			sourceTree = "<group>";
		};
/* End PBXVariantGroup section */

/* Begin XCBuildConfiguration section */
		EB0AFB371FD65116007B3628 /* Debug */ = {
			isa = XCBuildConfiguration;
			buildSettings = {
				ALWAYS_SEARCH_USER_PATHS = NO;
				CLANG_ANALYZER_NONNULL = YES;
				CLANG_ANALYZER_NUMBER_OBJECT_CONVERSION = YES_AGGRESSIVE;
				CLANG_CXX_LANGUAGE_STANDARD = "gnu++14";
				CLANG_CXX_LIBRARY = "libc++";
				CLANG_ENABLE_MODULES = YES;
				CLANG_ENABLE_OBJC_ARC = YES;
				CLANG_WARN_BLOCK_CAPTURE_AUTORELEASING = YES;
				CLANG_WARN_BOOL_CONVERSION = YES;
				CLANG_WARN_COMMA = YES;
				CLANG_WARN_CONSTANT_CONVERSION = YES;
				CLANG_WARN_DIRECT_OBJC_ISA_USAGE = YES_ERROR;
				CLANG_WARN_DOCUMENTATION_COMMENTS = YES;
				CLANG_WARN_EMPTY_BODY = YES;
				CLANG_WARN_ENUM_CONVERSION = YES;
				CLANG_WARN_INFINITE_RECURSION = YES;
				CLANG_WARN_INT_CONVERSION = YES;
				CLANG_WARN_NON_LITERAL_NULL_CONVERSION = YES;
				CLANG_WARN_OBJC_LITERAL_CONVERSION = YES;
				CLANG_WARN_OBJC_ROOT_CLASS = YES_ERROR;
				CLANG_WARN_RANGE_LOOP_ANALYSIS = YES;
				CLANG_WARN_STRICT_PROTOTYPES = YES;
				CLANG_WARN_SUSPICIOUS_MOVE = YES;
				CLANG_WARN_UNGUARDED_AVAILABILITY = YES_AGGRESSIVE;
				CLANG_WARN_UNREACHABLE_CODE = YES;
				CLANG_WARN__DUPLICATE_METHOD_MATCH = YES;
				CODE_SIGN_IDENTITY = "iPhone Developer";
				COPY_PHASE_STRIP = NO;
				DEBUG_INFORMATION_FORMAT = dwarf;
				ENABLE_STRICT_OBJC_MSGSEND = YES;
				ENABLE_TESTABILITY = YES;
				GCC_C_LANGUAGE_STANDARD = gnu11;
				GCC_DYNAMIC_NO_PIC = NO;
				GCC_NO_COMMON_BLOCKS = YES;
				GCC_OPTIMIZATION_LEVEL = 0;
				GCC_PREPROCESSOR_DEFINITIONS = (
					"DEBUG=1",
					"$(inherited)",
				);
				GCC_WARN_64_TO_32_BIT_CONVERSION = YES;
				GCC_WARN_ABOUT_RETURN_TYPE = YES_ERROR;
				GCC_WARN_UNDECLARED_SELECTOR = YES;
				GCC_WARN_UNINITIALIZED_AUTOS = YES_AGGRESSIVE;
				GCC_WARN_UNUSED_FUNCTION = YES;
				GCC_WARN_UNUSED_VARIABLE = YES;
				IPHONEOS_DEPLOYMENT_TARGET = 11.1;
				MTL_ENABLE_DEBUG_INFO = YES;
				ONLY_ACTIVE_ARCH = YES;
				SDKROOT = iphoneos;
				SWIFT_ACTIVE_COMPILATION_CONDITIONS = DEBUG;
				SWIFT_OPTIMIZATION_LEVEL = "-Onone";
			};
			name = Debug;
		};
		EB0AFB381FD65116007B3628 /* Release */ = {
			isa = XCBuildConfiguration;
			buildSettings = {
				ALWAYS_SEARCH_USER_PATHS = NO;
				CLANG_ANALYZER_NONNULL = YES;
				CLANG_ANALYZER_NUMBER_OBJECT_CONVERSION = YES_AGGRESSIVE;
				CLANG_CXX_LANGUAGE_STANDARD = "gnu++14";
				CLANG_CXX_LIBRARY = "libc++";
				CLANG_ENABLE_MODULES = YES;
				CLANG_ENABLE_OBJC_ARC = YES;
				CLANG_WARN_BLOCK_CAPTURE_AUTORELEASING = YES;
				CLANG_WARN_BOOL_CONVERSION = YES;
				CLANG_WARN_COMMA = YES;
				CLANG_WARN_CONSTANT_CONVERSION = YES;
				CLANG_WARN_DIRECT_OBJC_ISA_USAGE = YES_ERROR;
				CLANG_WARN_DOCUMENTATION_COMMENTS = YES;
				CLANG_WARN_EMPTY_BODY = YES;
				CLANG_WARN_ENUM_CONVERSION = YES;
				CLANG_WARN_INFINITE_RECURSION = YES;
				CLANG_WARN_INT_CONVERSION = YES;
				CLANG_WARN_NON_LITERAL_NULL_CONVERSION = YES;
				CLANG_WARN_OBJC_LITERAL_CONVERSION = YES;
				CLANG_WARN_OBJC_ROOT_CLASS = YES_ERROR;
				CLANG_WARN_RANGE_LOOP_ANALYSIS = YES;
				CLANG_WARN_STRICT_PROTOTYPES = YES;
				CLANG_WARN_SUSPICIOUS_MOVE = YES;
				CLANG_WARN_UNGUARDED_AVAILABILITY = YES_AGGRESSIVE;
				CLANG_WARN_UNREACHABLE_CODE = YES;
				CLANG_WARN__DUPLICATE_METHOD_MATCH = YES;
				CODE_SIGN_IDENTITY = "iPhone Developer";
				COPY_PHASE_STRIP = NO;
				DEBUG_INFORMATION_FORMAT = "dwarf-with-dsym";
				ENABLE_NS_ASSERTIONS = NO;
				ENABLE_STRICT_OBJC_MSGSEND = YES;
				GCC_C_LANGUAGE_STANDARD = gnu11;
				GCC_NO_COMMON_BLOCKS = YES;
				GCC_WARN_64_TO_32_BIT_CONVERSION = YES;
				GCC_WARN_ABOUT_RETURN_TYPE = YES_ERROR;
				GCC_WARN_UNDECLARED_SELECTOR = YES;
				GCC_WARN_UNINITIALIZED_AUTOS = YES_AGGRESSIVE;
				GCC_WARN_UNUSED_FUNCTION = YES;
				GCC_WARN_UNUSED_VARIABLE = YES;
				IPHONEOS_DEPLOYMENT_TARGET = 11.1;
				MTL_ENABLE_DEBUG_INFO = NO;
				SDKROOT = iphoneos;
				SWIFT_OPTIMIZATION_LEVEL = "-Owholemodule";
				VALIDATE_PRODUCT = YES;
			};
			name = Release;
		};
		EB0AFB3A1FD65116007B3628 /* Debug */ = {
			isa = XCBuildConfiguration;
			buildSettings = {
				ASSETCATALOG_COMPILER_APPICON_NAME = AppIcon;
				CODE_SIGN_STYLE = Automatic;
				INFOPLIST_FILE = SlideshowApp/Info.plist;
				LD_RUNPATH_SEARCH_PATHS = "$(inherited) @executable_path/Frameworks";
				PRODUCT_BUNDLE_IDENTIFIER = jp.techacademy.s1220210.SlideshowApp;
				PRODUCT_NAME = "$(TARGET_NAME)";
				SWIFT_VERSION = 4.0;
				TARGETED_DEVICE_FAMILY = "1,2";
			};
			name = Debug;
		};
		EB0AFB3B1FD65116007B3628 /* Release */ = {
			isa = XCBuildConfiguration;
			buildSettings = {
				ASSETCATALOG_COMPILER_APPICON_NAME = AppIcon;
				CODE_SIGN_STYLE = Automatic;
				INFOPLIST_FILE = SlideshowApp/Info.plist;
				LD_RUNPATH_SEARCH_PATHS = "$(inherited) @executable_path/Frameworks";
				PRODUCT_BUNDLE_IDENTIFIER = jp.techacademy.s1220210.SlideshowApp;
				PRODUCT_NAME = "$(TARGET_NAME)";
				SWIFT_VERSION = 4.0;
				TARGETED_DEVICE_FAMILY = "1,2";
			};
			name = Release;
		};
		EB0AFB3D1FD65116007B3628 /* Debug */ = {
			isa = XCBuildConfiguration;
			buildSettings = {
				ALWAYS_EMBED_SWIFT_STANDARD_LIBRARIES = YES;
				BUNDLE_LOADER = "$(TEST_HOST)";
				CODE_SIGN_STYLE = Automatic;
				INFOPLIST_FILE = SlideshowAppTests/Info.plist;
				LD_RUNPATH_SEARCH_PATHS = "$(inherited) @executable_path/Frameworks @loader_path/Frameworks";
				PRODUCT_BUNDLE_IDENTIFIER = jp.techacademy.s1220210.SlideshowAppTests;
				PRODUCT_NAME = "$(TARGET_NAME)";
				SWIFT_VERSION = 4.0;
				TARGETED_DEVICE_FAMILY = "1,2";
				TEST_HOST = "$(BUILT_PRODUCTS_DIR)/SlideshowApp.app/SlideshowApp";
			};
			name = Debug;
		};
		EB0AFB3E1FD65116007B3628 /* Release */ = {
			isa = XCBuildConfiguration;
			buildSettings = {
				ALWAYS_EMBED_SWIFT_STANDARD_LIBRARIES = YES;
				BUNDLE_LOADER = "$(TEST_HOST)";
				CODE_SIGN_STYLE = Automatic;
				INFOPLIST_FILE = SlideshowAppTests/Info.plist;
				LD_RUNPATH_SEARCH_PATHS = "$(inherited) @executable_path/Frameworks @loader_path/Frameworks";
				PRODUCT_BUNDLE_IDENTIFIER = jp.techacademy.s1220210.SlideshowAppTests;
				PRODUCT_NAME = "$(TARGET_NAME)";
				SWIFT_VERSION = 4.0;
				TARGETED_DEVICE_FAMILY = "1,2";
				TEST_HOST = "$(BUILT_PRODUCTS_DIR)/SlideshowApp.app/SlideshowApp";
			};
			name = Release;
		};
		EB0AFB401FD65116007B3628 /* Debug */ = {
			isa = XCBuildConfiguration;
			buildSettings = {
				ALWAYS_EMBED_SWIFT_STANDARD_LIBRARIES = YES;
				CODE_SIGN_STYLE = Automatic;
				INFOPLIST_FILE = SlideshowAppUITests/Info.plist;
				LD_RUNPATH_SEARCH_PATHS = "$(inherited) @executable_path/Frameworks @loader_path/Frameworks";
				PRODUCT_BUNDLE_IDENTIFIER = jp.techacademy.s1220210.SlideshowAppUITests;
				PRODUCT_NAME = "$(TARGET_NAME)";
				SWIFT_VERSION = 4.0;
				TARGETED_DEVICE_FAMILY = "1,2";
				TEST_TARGET_NAME = SlideshowApp;
			};
			name = Debug;
		};
		EB0AFB411FD65116007B3628 /* Release */ = {
			isa = XCBuildConfiguration;
			buildSettings = {
				ALWAYS_EMBED_SWIFT_STANDARD_LIBRARIES = YES;
				CODE_SIGN_STYLE = Automatic;
				INFOPLIST_FILE = SlideshowAppUITests/Info.plist;
				LD_RUNPATH_SEARCH_PATHS = "$(inherited) @executable_path/Frameworks @loader_path/Frameworks";
				PRODUCT_BUNDLE_IDENTIFIER = jp.techacademy.s1220210.SlideshowAppUITests;
				PRODUCT_NAME = "$(TARGET_NAME)";
				SWIFT_VERSION = 4.0;
				TARGETED_DEVICE_FAMILY = "1,2";
				TEST_TARGET_NAME = SlideshowApp;
			};
			name = Release;
		};
/* End XCBuildConfiguration section */

/* Begin XCConfigurationList section */
		EB0AFB0C1FD65116007B3628 /* Build configuration list for PBXProject "SlideshowApp" */ = {
			isa = XCConfigurationList;
			buildConfigurations = (
				EB0AFB371FD65116007B3628 /* Debug */,
				EB0AFB381FD65116007B3628 /* Release */,
			);
			defaultConfigurationIsVisible = 0;
			defaultConfigurationName = Release;
		};
		EB0AFB391FD65116007B3628 /* Build configuration list for PBXNativeTarget "SlideshowApp" */ = {
			isa = XCConfigurationList;
			buildConfigurations = (
				EB0AFB3A1FD65116007B3628 /* Debug */,
				EB0AFB3B1FD65116007B3628 /* Release */,
			);
			defaultConfigurationIsVisible = 0;
			defaultConfigurationName = Release;
		};
		EB0AFB3C1FD65116007B3628 /* Build configuration list for PBXNativeTarget "SlideshowAppTests" */ = {
			isa = XCConfigurationList;
			buildConfigurations = (
				EB0AFB3D1FD65116007B3628 /* Debug */,
				EB0AFB3E1FD65116007B3628 /* Release */,
			);
			defaultConfigurationIsVisible = 0;
			defaultConfigurationName = Release;
		};
		EB0AFB3F1FD65116007B3628 /* Build configuration list for PBXNativeTarget "SlideshowAppUITests" */ = {
			isa = XCConfigurationList;
			buildConfigurations = (
				EB0AFB401FD65116007B3628 /* Debug */,
				EB0AFB411FD65116007B3628 /* Release */,
			);
			defaultConfigurationIsVisible = 0;
			defaultConfigurationName = Release;
		};
/* End XCConfigurationList section */
	};
	rootObject = EB0AFB091FD65116007B3628 /* Project object */;
}
